
Microsoft Visual Studio Solution File, Format Version 12.00
# Visual Studio Version 16
VisualStudioVersion = 16.0.31019.35
MinimumVisualStudioVersion = 10.0.40219.1
Project("{FAE04EC0-301F-11D3-BF4B-00C04F79EFBC}") = "Histogram_Blur", "Histogram_Blur\Histogram_Blur.csproj", "{64AC11DC-1A31-4E46-BEDA-7C7754A0EF89}"
EndProject
Global
	GlobalSection(SolutionConfigurationPlatforms) = preSolution
		Debug|Any CPU = Debug|Any CPU
		Release|Any CPU = Release|Any CPU
	EndGlobalSection
	GlobalSection(ProjectConfigurationPlatforms) = postSolution
		{64AC11DC-1A31-4E46-BEDA-7C7754A0EF89}.Debug|Any CPU.ActiveCfg = Debug|Any CPU
		{64AC11DC-1A31-4E46-BEDA-7C7754A0EF89}.Debug|Any CPU.Build.0 = Debug|Any CPU
		{64AC11DC-1A31-4E46-BEDA-7C7754A0EF89}.Release|Any CPU.ActiveCfg = Release|Any CPU
		{64AC11DC-1A31-4E46-BEDA-7C7754A0EF89}.Release|Any CPU.Build.0 = Release|Any CPU
	EndGlobalSection
	GlobalSection(SolutionProperties) = preSolution
		HideSolutionNode = FALSE
	EndGlobalSection
	GlobalSection(ExtensibilityGlobals) = postSolution
		SolutionGuid = {6355BA1D-12A5-484D-8B79-98247321A12B}
	EndGlobalSection
EndGlobal
